
Microsoft Visual Studio Solution File, Format Version 12.00
# Visual Studio Version 17
VisualStudioVersion = 17.0.32112.339
MinimumVisualStudioVersion = 10.0.40219.1
Project("{FAE04EC0-301F-11D3-BF4B-00C04F79EFBC}") = "OnlineShoping.Application", "OnlineShoping.Application\OnlineShoping.Application.csproj", "{FE3E8117-9CCA-4925-BCBD-945C11E987C8}"
EndProject
Project("{FAE04EC0-301F-11D3-BF4B-00C04F79EFBC}") = "OnlineShoping.Domain", "OnlineShoping.Domain\OnlineShoping.Domain.csproj", "{64B4EE08-81ED-4680-90E2-8163CA8BD9C1}"
EndProject
Project("{FAE04EC0-301F-11D3-BF4B-00C04F79EFBC}") = "OnlineShoping.Infra.Data", "OnlineShoping.Infra.Data\OnlineShoping.Infra.Data.csproj", "{2E962389-2E29-4AAF-9FB3-E2065582792B}"
EndProject
Project("{FAE04EC0-301F-11D3-BF4B-00C04F79EFBC}") = "OnlineShoping.Infra.IOC", "OnlineShoping.Infra.IOC\OnlineShoping.Infra.IOC.csproj", "{2146DECC-361C-499C-8EC0-C402676B6D38}"
EndProject
Project("{FAE04EC0-301F-11D3-BF4B-00C04F79EFBC}") = "OnlineShoping.Presentation.API", "OnlineShoping.Presentation.API\OnlineShoping.Presentation.API.csproj", "{D1E5930D-74BC-4484-8314-31BE6E938E62}"
EndProject
Project("{FAE04EC0-301F-11D3-BF4B-00C04F79EFBC}") = "OnlineShoping.Presentation.MVC", "OnlineShoping.Presentation.MVC\OnlineShoping.Presentation.MVC.csproj", "{D3E503CE-C32E-4E1D-AAC0-BACE2F06E232}"
EndProject
Project("{9A19103F-16F7-4668-BE54-9A1E7A4F7556}") = "SharedKernal", "SharedKernal\SharedKernal.csproj", "{5F473BE3-B9C8-4959-8637-E8FA6098141F}"
EndProject
Global
	GlobalSection(SolutionConfigurationPlatforms) = preSolution
		Debug|Any CPU = Debug|Any CPU
		Release|Any CPU = Release|Any CPU
	EndGlobalSection
	GlobalSection(ProjectConfigurationPlatforms) = postSolution
		{FE3E8117-9CCA-4925-BCBD-945C11E987C8}.Debug|Any CPU.ActiveCfg = Debug|Any CPU
		{FE3E8117-9CCA-4925-BCBD-945C11E987C8}.Debug|Any CPU.Build.0 = Debug|Any CPU
		{FE3E8117-9CCA-4925-BCBD-945C11E987C8}.Release|Any CPU.ActiveCfg = Release|Any CPU
		{FE3E8117-9CCA-4925-BCBD-945C11E987C8}.Release|Any CPU.Build.0 = Release|Any CPU
		{64B4EE08-81ED-4680-90E2-8163CA8BD9C1}.Debug|Any CPU.ActiveCfg = Debug|Any CPU
		{64B4EE08-81ED-4680-90E2-8163CA8BD9C1}.Debug|Any CPU.Build.0 = Debug|Any CPU
		{64B4EE08-81ED-4680-90E2-8163CA8BD9C1}.Release|Any CPU.ActiveCfg = Release|Any CPU
		{64B4EE08-81ED-4680-90E2-8163CA8BD9C1}.Release|Any CPU.Build.0 = Release|Any CPU
		{2E962389-2E29-4AAF-9FB3-E2065582792B}.Debug|Any CPU.ActiveCfg = Debug|Any CPU
		{2E962389-2E29-4AAF-9FB3-E2065582792B}.Debug|Any CPU.Build.0 = Debug|Any CPU
		{2E962389-2E29-4AAF-9FB3-E2065582792B}.Release|Any CPU.ActiveCfg = Release|Any CPU
		{2E962389-2E29-4AAF-9FB3-E2065582792B}.Release|Any CPU.Build.0 = Release|Any CPU
		{2146DECC-361C-499C-8EC0-C402676B6D38}.Debug|Any CPU.ActiveCfg = Debug|Any CPU
		{2146DECC-361C-499C-8EC0-C402676B6D38}.Debug|Any CPU.Build.0 = Debug|Any CPU
		{2146DECC-361C-499C-8EC0-C402676B6D38}.Release|Any CPU.ActiveCfg = Release|Any CPU
		{2146DECC-361C-499C-8EC0-C402676B6D38}.Release|Any CPU.Build.0 = Release|Any CPU
		{D1E5930D-74BC-4484-8314-31BE6E938E62}.Debug|Any CPU.ActiveCfg = Debug|Any CPU
		{D1E5930D-74BC-4484-8314-31BE6E938E62}.Debug|Any CPU.Build.0 = Debug|Any CPU
		{D1E5930D-74BC-4484-8314-31BE6E938E62}.Release|Any CPU.ActiveCfg = Release|Any CPU
		{D1E5930D-74BC-4484-8314-31BE6E938E62}.Release|Any CPU.Build.0 = Release|Any CPU
		{D3E503CE-C32E-4E1D-AAC0-BACE2F06E232}.Debug|Any CPU.ActiveCfg = Debug|Any CPU
		{D3E503CE-C32E-4E1D-AAC0-BACE2F06E232}.Debug|Any CPU.Build.0 = Debug|Any CPU
		{D3E503CE-C32E-4E1D-AAC0-BACE2F06E232}.Release|Any CPU.ActiveCfg = Release|Any CPU
		{D3E503CE-C32E-4E1D-AAC0-BACE2F06E232}.Release|Any CPU.Build.0 = Release|Any CPU
		{5F473BE3-B9C8-4959-8637-E8FA6098141F}.Debug|Any CPU.ActiveCfg = Debug|Any CPU
		{5F473BE3-B9C8-4959-8637-E8FA6098141F}.Debug|Any CPU.Build.0 = Debug|Any CPU
		{5F473BE3-B9C8-4959-8637-E8FA6098141F}.Release|Any CPU.ActiveCfg = Release|Any CPU
		{5F473BE3-B9C8-4959-8637-E8FA6098141F}.Release|Any CPU.Build.0 = Release|Any CPU
	EndGlobalSection
	GlobalSection(SolutionProperties) = preSolution
		HideSolutionNode = FALSE
	EndGlobalSection
	GlobalSection(ExtensibilityGlobals) = postSolution
		SolutionGuid = {6277700B-056C-4C39-9C38-6C5BA6542CDF}
	EndGlobalSection
EndGlobal
